
Microsoft Visual Studio Solution File, Format Version 12.00
# Visual Studio Version 16
VisualStudioVersion = 16.0.31729.503
MinimumVisualStudioVersion = 10.0.40219.1
Project("{FAE04EC0-301F-11D3-BF4B-00C04F79EFBC}") = "4.1", "4.1\4.1.csproj", "{B1A30609-F897-4CF2-BBB5-293A0DD67FF5}"
EndProject
Global
	GlobalSection(SolutionConfigurationPlatforms) = preSolution
		Debug|Any CPU = Debug|Any CPU
		Release|Any CPU = Release|Any CPU
	EndGlobalSection
	GlobalSection(ProjectConfigurationPlatforms) = postSolution
		{B1A30609-F897-4CF2-BBB5-293A0DD67FF5}.Debug|Any CPU.ActiveCfg = Debug|Any CPU
		{B1A30609-F897-4CF2-BBB5-293A0DD67FF5}.Debug|Any CPU.Build.0 = Debug|Any CPU
		{B1A30609-F897-4CF2-BBB5-293A0DD67FF5}.Release|Any CPU.ActiveCfg = Release|Any CPU
		{B1A30609-F897-4CF2-BBB5-293A0DD67FF5}.Release|Any CPU.Build.0 = Release|Any CPU
	EndGlobalSection
	GlobalSection(SolutionProperties) = preSolution
		HideSolutionNode = FALSE
	EndGlobalSection
	GlobalSection(ExtensibilityGlobals) = postSolution
		SolutionGuid = {354F545E-54D7-40FF-A1FB-850C9303BB0F}
	EndGlobalSection
EndGlobal
